
Microsoft Visual Studio Solution File, Format Version 12.00
# Visual Studio Version 17
VisualStudioVersion = 17.14.36203.30 d17.14
MinimumVisualStudioVersion = 10.0.40219.1
Project("{FAE04EC0-301F-11D3-BF4B-00C04F79EFBC}") = "WinFormsApp4(zema 9 variant)", "WinFormsApp4(zema 9 variant)\WinFormsApp4(zema 9 variant).csproj", "{98A69D0E-FF10-4104-B928-3CF71A58E59B}"
EndProject
Global
	GlobalSection(SolutionConfigurationPlatforms) = preSolution
		Debug|Any CPU = Debug|Any CPU
		Release|Any CPU = Release|Any CPU
	EndGlobalSection
	GlobalSection(ProjectConfigurationPlatforms) = postSolution
		{98A69D0E-FF10-4104-B928-3CF71A58E59B}.Debug|Any CPU.ActiveCfg = Debug|Any CPU
		{98A69D0E-FF10-4104-B928-3CF71A58E59B}.Debug|Any CPU.Build.0 = Debug|Any CPU
		{98A69D0E-FF10-4104-B928-3CF71A58E59B}.Release|Any CPU.ActiveCfg = Release|Any CPU
		{98A69D0E-FF10-4104-B928-3CF71A58E59B}.Release|Any CPU.Build.0 = Release|Any CPU
	EndGlobalSection
	GlobalSection(SolutionProperties) = preSolution
		HideSolutionNode = FALSE
	EndGlobalSection
	GlobalSection(ExtensibilityGlobals) = postSolution
		SolutionGuid = {D7E29166-5C55-4F7B-86AC-04BD03213675}
	EndGlobalSection
EndGlobal
